// !$*UTF8*$!
{
	archiveVersion = 1;
	classes = {
	};
	objectVersion = 50;
	objects = {

/* Begin PBXBuildFile section */
		22E4E859207E1901006E511E /* AppDelegate.swift in Sources */ = {isa = PBXBuildFile; fileRef = 22E4E858207E1901006E511E /* AppDelegate.swift */; };
		22E4E85B207E1901006E511E /* ViewController.swift in Sources */ = {isa = PBXBuildFile; fileRef = 22E4E85A207E1901006E511E /* ViewController.swift */; };
		22E4E85E207E1901006E511E /* Main.storyboard in Resources */ = {isa = PBXBuildFile; fileRef = 22E4E85C207E1901006E511E /* Main.storyboard */; };
		22E4E860207E1902006E511E /* Assets.xcassets in Resources */ = {isa = PBXBuildFile; fileRef = 22E4E85F207E1902006E511E /* Assets.xcassets */; };
		22E4E863207E1902006E511E /* LaunchScreen.storyboard in Resources */ = {isa = PBXBuildFile; fileRef = 22E4E861207E1902006E511E /* LaunchScreen.storyboard */; };
		22E4E86E207E1902006E511E /* SchematicsTests.swift in Sources */ = {isa = PBXBuildFile; fileRef = 22E4E86D207E1902006E511E /* SchematicsTests.swift */; };
		22E4E879207E1902006E511E /* SchematicsUITests.swift in Sources */ = {isa = PBXBuildFile; fileRef = 22E4E878207E1902006E511E /* SchematicsUITests.swift */; };
/* End PBXBuildFile section */

/* Begin PBXContainerItemProxy section */
		22E4E86A207E1902006E511E /* PBXContainerItemProxy */ = {
			isa = PBXContainerItemProxy;
			containerPortal = 22E4E84D207E1900006E511E /* Project object */;
			proxyType = 1;
			remoteGlobalIDString = 22E4E854207E1901006E511E;
			remoteInfo = Schematics;
		};
		22E4E875207E1902006E511E /* PBXContainerItemProxy */ = {
			isa = PBXContainerItemProxy;
			containerPortal = 22E4E84D207E1900006E511E /* Project object */;
			proxyType = 1;
			remoteGlobalIDString = 22E4E854207E1901006E511E;
			remoteInfo = Schematics;
		};
/* End PBXContainerItemProxy section */

/* Begin PBXFileReference section */
		22E4E855207E1901006E511E /* Schematics.app */ = {isa = PBXFileReference; explicitFileType = wrapper.application; includeInIndex = 0; path = Schematics.app; sourceTree = BUILT_PRODUCTS_DIR; };
		22E4E858207E1901006E511E /* AppDelegate.swift */ = {isa = PBXFileReference; lastKnownFileType = sourcecode.swift; path = AppDelegate.swift; sourceTree = "<group>"; };
		22E4E85A207E1901006E511E /* ViewController.swift */ = {isa = PBXFileReference; lastKnownFileType = sourcecode.swift; path = ViewController.swift; sourceTree = "<group>"; };
		22E4E85D207E1901006E511E /* Base */ = {isa = PBXFileReference; lastKnownFileType = file.storyboard; name = Base; path = Base.lproj/Main.storyboard; sourceTree = "<group>"; };
		22E4E85F207E1902006E511E /* Assets.xcassets */ = {isa = PBXFileReference; lastKnownFileType = folder.assetcatalog; path = Assets.xcassets; sourceTree = "<group>"; };
		22E4E862207E1902006E511E /* Base */ = {isa = PBXFileReference; lastKnownFileType = file.storyboard; name = Base; path = Base.lproj/LaunchScreen.storyboard; sourceTree = "<group>"; };
		22E4E864207E1902006E511E /* Info.plist */ = {isa = PBXFileReference; lastKnownFileType = text.plist.xml; path = Info.plist; sourceTree = "<group>"; };
		22E4E869207E1902006E511E /* SchematicsTests.xctest */ = {isa = PBXFileReference; explicitFileType = wrapper.cfbundle; includeInIndex = 0; path = SchematicsTests.xctest; sourceTree = BUILT_PRODUCTS_DIR; };
		22E4E86D207E1902006E511E /* SchematicsTests.swift */ = {isa = PBXFileReference; lastKnownFileType = sourcecode.swift; path = SchematicsTests.swift; sourceTree = "<group>"; };
		22E4E86F207E1902006E511E /* Info.plist */ = {isa = PBXFileReference; lastKnownFileType = text.plist.xml; path = Info.plist; sourceTree = "<group>"; };
		22E4E874207E1902006E511E /* SchematicsUITests.xctest */ = {isa = PBXFileReference; explicitFileType = wrapper.cfbundle; includeInIndex = 0; path = SchematicsUITests.xctest; sourceTree = BUILT_PRODUCTS_DIR; };
		22E4E878207E1902006E511E /* SchematicsUITests.swift */ = {isa = PBXFileReference; lastKnownFileType = sourcecode.swift; path = SchematicsUITests.swift; sourceTree = "<group>"; };
		22E4E87A207E1902006E511E /* Info.plist */ = {isa = PBXFileReference; lastKnownFileType = text.plist.xml; path = Info.plist; sourceTree = "<group>"; };
/* End PBXFileReference section */

/* Begin PBXFrameworksBuildPhase section */
		22E4E852207E1901006E511E /* Frameworks */ = {
			isa = PBXFrameworksBuildPhase;
			buildActionMask = 2147483647;
			files = (
			);
			runOnlyForDeploymentPostprocessing = 0;
		};
		22E4E866207E1902006E511E /* Frameworks */ = {
			isa = PBXFrameworksBuildPhase;
			buildActionMask = 2147483647;
			files = (
			);
			runOnlyForDeploymentPostprocessing = 0;
		};
		22E4E871207E1902006E511E /* Frameworks */ = {
			isa = PBXFrameworksBuildPhase;
			buildActionMask = 2147483647;
			files = (
			);
			runOnlyForDeploymentPostprocessing = 0;
		};
/* End PBXFrameworksBuildPhase section */

/* Begin PBXGroup section */
		22E4E84C207E1900006E511E = {
			isa = PBXGroup;
			children = (
				22E4E857207E1901006E511E /* Schematics */,
				22E4E86C207E1902006E511E /* SchematicsTests */,
				22E4E877207E1902006E511E /* SchematicsUITests */,
				22E4E856207E1901006E511E /* Products */,
			);
			sourceTree = "<group>";
		};
		22E4E856207E1901006E511E /* Products */ = {
			isa = PBXGroup;
			children = (
				22E4E855207E1901006E511E /* Schematics.app */,
				22E4E869207E1902006E511E /* SchematicsTests.xctest */,
				22E4E874207E1902006E511E /* SchematicsUITests.xctest */,
			);
			name = Products;
			sourceTree = "<group>";
		};
		22E4E857207E1901006E511E /* Schematics */ = {
			isa = PBXGroup;
			children = (
				22E4E858207E1901006E511E /* AppDelegate.swift */,
				22E4E85A207E1901006E511E /* ViewController.swift */,
				22E4E85C207E1901006E511E /* Main.storyboard */,
				22E4E85F207E1902006E511E /* Assets.xcassets */,
				22E4E861207E1902006E511E /* LaunchScreen.storyboard */,
				22E4E864207E1902006E511E /* Info.plist */,
			);
			path = Schematics;
			sourceTree = "<group>";
		};
		22E4E86C207E1902006E511E /* SchematicsTests */ = {
			isa = PBXGroup;
			children = (
				22E4E86D207E1902006E511E /* SchematicsTests.swift */,
				22E4E86F207E1902006E511E /* Info.plist */,
			);
			path = SchematicsTests;
			sourceTree = "<group>";
		};
		22E4E877207E1902006E511E /* SchematicsUITests */ = {
			isa = PBXGroup;
			children = (
				22E4E878207E1902006E511E /* SchematicsUITests.swift */,
				22E4E87A207E1902006E511E /* Info.plist */,
			);
			path = SchematicsUITests;
			sourceTree = "<group>";
		};
/* End PBXGroup section */

/* Begin PBXNativeTarget section */
		22E4E854207E1901006E511E /* Schematics */ = {
			isa = PBXNativeTarget;
			buildConfigurationList = 22E4E87D207E1902006E511E /* Build configuration list for PBXNativeTarget "Schematics" */;
			buildPhases = (
				22E4E851207E1901006E511E /* Sources */,
				22E4E852207E1901006E511E /* Frameworks */,
				22E4E853207E1901006E511E /* Resources */,
			);
			buildRules = (
			);
			dependencies = (
			);
			name = Schematics;
			productName = Schematics;
			productReference = 22E4E855207E1901006E511E /* Schematics.app */;
			productType = "com.apple.product-type.application";
		};
		22E4E868207E1902006E511E /* SchematicsTests */ = {
			isa = PBXNativeTarget;
			buildConfigurationList = 22E4E880207E1902006E511E /* Build configuration list for PBXNativeTarget "SchematicsTests" */;
			buildPhases = (
				22E4E865207E1902006E511E /* Sources */,
				22E4E866207E1902006E511E /* Frameworks */,
				22E4E867207E1902006E511E /* Resources */,
			);
			buildRules = (
			);
			dependencies = (
				22E4E86B207E1902006E511E /* PBXTargetDependency */,
			);
			name = SchematicsTests;
			productName = SchematicsTests;
			productReference = 22E4E869207E1902006E511E /* SchematicsTests.xctest */;
			productType = "com.apple.product-type.bundle.unit-test";
		};
		22E4E873207E1902006E511E /* SchematicsUITests */ = {
			isa = PBXNativeTarget;
			buildConfigurationList = 22E4E883207E1902006E511E /* Build configuration list for PBXNativeTarget "SchematicsUITests" */;
			buildPhases = (
				22E4E870207E1902006E511E /* Sources */,
				22E4E871207E1902006E511E /* Frameworks */,
				22E4E872207E1902006E511E /* Resources */,
			);
			buildRules = (
			);
			dependencies = (
				22E4E876207E1902006E511E /* PBXTargetDependency */,
			);
			name = SchematicsUITests;
			productName = SchematicsUITests;
			productReference = 22E4E874207E1902006E511E /* SchematicsUITests.xctest */;
			productType = "com.apple.product-type.bundle.ui-testing";
		};
/* End PBXNativeTarget section */

/* Begin PBXProject section */
		22E4E84D207E1900006E511E /* Project object */ = {
			isa = PBXProject;
			attributes = {
				LastSwiftUpdateCheck = 0930;
				LastUpgradeCheck = 0930;
				ORGANIZATIONNAME = Quadbase;
				TargetAttributes = {
					22E4E854207E1901006E511E = {
						CreatedOnToolsVersion = 9.3;
					};
					22E4E868207E1902006E511E = {
						CreatedOnToolsVersion = 9.3;
						TestTargetID = 22E4E854207E1901006E511E;
					};
					22E4E873207E1902006E511E = {
						CreatedOnToolsVersion = 9.3;
						TestTargetID = 22E4E854207E1901006E511E;
					};
				};
			};
			buildConfigurationList = 22E4E850207E1900006E511E /* Build configuration list for PBXProject "Schematics" */;
			compatibilityVersion = "Xcode 9.3";
			developmentRegion = en;
			hasScannedForEncodings = 0;
			knownRegions = (
				en,
				Base,
			);
			mainGroup = 22E4E84C207E1900006E511E;
			productRefGroup = 22E4E856207E1901006E511E /* Products */;
			projectDirPath = "";
			projectRoot = "";
			targets = (
				22E4E854207E1901006E511E /* Schematics */,
				22E4E868207E1902006E511E /* SchematicsTests */,
				22E4E873207E1902006E511E /* SchematicsUITests */,
			);
		};
/* End PBXProject section */

/* Begin PBXResourcesBuildPhase section */
		22E4E853207E1901006E511E /* Resources */ = {
			isa = PBXResourcesBuildPhase;
			buildActionMask = 2147483647;
			files = (
				22E4E863207E1902006E511E /* LaunchScreen.storyboard in Resources */,
				22E4E860207E1902006E511E /* Assets.xcassets in Resources */,
				22E4E85E207E1901006E511E /* Main.storyboard in Resources */,
			);
			runOnlyForDeploymentPostprocessing = 0;
		};
		22E4E867207E1902006E511E /* Resources */ = {
			isa = PBXResourcesBuildPhase;
			buildActionMask = 2147483647;
			files = (
			);
			runOnlyForDeploymentPostprocessing = 0;
		};
		22E4E872207E1902006E511E /* Resources */ = {
			isa = PBXResourcesBuildPhase;
			buildActionMask = 2147483647;
			files = (
			);
			runOnlyForDeploymentPostprocessing = 0;
		};
/* End PBXResourcesBuildPhase section */

/* Begin PBXSourcesBuildPhase section */
		22E4E851207E1901006E511E /* Sources */ = {
			isa = PBXSourcesBuildPhase;
			buildActionMask = 2147483647;
			files = (
				22E4E85B207E1901006E511E /* ViewController.swift in Sources */,
				22E4E859207E1901006E511E /* AppDelegate.swift in Sources */,
			);
			runOnlyForDeploymentPostprocessing = 0;
		};
		22E4E865207E1902006E511E /* Sources */ = {
			isa = PBXSourcesBuildPhase;
			buildActionMask = 2147483647;
			files = (
				22E4E86E207E1902006E511E /* SchematicsTests.swift in Sources */,
			);
			runOnlyForDeploymentPostprocessing = 0;
		};
		22E4E870207E1902006E511E /* Sources */ = {
			isa = PBXSourcesBuildPhase;
			buildActionMask = 2147483647;
			files = (
				22E4E879207E1902006E511E /* SchematicsUITests.swift in Sources */,
			);
			runOnlyForDeploymentPostprocessing = 0;
		};
/* End PBXSourcesBuildPhase section */

/* Begin PBXTargetDependency section */
		22E4E86B207E1902006E511E /* PBXTargetDependency */ = {
			isa = PBXTargetDependency;
			target = 22E4E854207E1901006E511E /* Schematics */;
			targetProxy = 22E4E86A207E1902006E511E /* PBXContainerItemProxy */;
		};
		22E4E876207E1902006E511E /* PBXTargetDependency */ = {
			isa = PBXTargetDependency;
			target = 22E4E854207E1901006E511E /* Schematics */;
			targetProxy = 22E4E875207E1902006E511E /* PBXContainerItemProxy */;
		};
/* End PBXTargetDependency section */

/* Begin PBXVariantGroup section */
		22E4E85C207E1901006E511E /* Main.storyboard */ = {
			isa = PBXVariantGroup;
			children = (
				22E4E85D207E1901006E511E /* Base */,
			);
			name = Main.storyboard;
			sourceTree = "<group>";
		};
		22E4E861207E1902006E511E /* LaunchScreen.storyboard */ = {
			isa = PBXVariantGroup;
			children = (
				22E4E862207E1902006E511E /* Base */,
			);
			name = LaunchScreen.storyboard;
			sourceTree = "<group>";
		};
/* End PBXVariantGroup section */

/* Begin XCBuildConfiguration section */
		22E4E87B207E1902006E511E /* Debug */ = {
			isa = XCBuildConfiguration;
			buildSettings = {
				ALWAYS_SEARCH_USER_PATHS = NO;
				CLANG_ANALYZER_NONNULL = YES;
				CLANG_ANALYZER_NUMBER_OBJECT_CONVERSION = YES_AGGRESSIVE;
				CLANG_CXX_LANGUAGE_STANDARD = "gnu++14";
				CLANG_CXX_LIBRARY = "libc++";
				CLANG_ENABLE_MODULES = YES;
				CLANG_ENABLE_OBJC_ARC = YES;
				CLANG_ENABLE_OBJC_WEAK = YES;
				CLANG_WARN_BLOCK_CAPTURE_AUTORELEASING = YES;
				CLANG_WARN_BOOL_CONVERSION = YES;
				CLANG_WARN_COMMA = YES;
				CLANG_WARN_CONSTANT_CONVERSION = YES;
				CLANG_WARN_DEPRECATED_OBJC_IMPLEMENTATIONS = YES;
				CLANG_WARN_DIRECT_OBJC_ISA_USAGE = YES_ERROR;
				CLANG_WARN_DOCUMENTATION_COMMENTS = YES;
				CLANG_WARN_EMPTY_BODY = YES;
				CLANG_WARN_ENUM_CONVERSION = YES;
				CLANG_WARN_INFINITE_RECURSION = YES;
				CLANG_WARN_INT_CONVERSION = YES;
				CLANG_WARN_NON_LITERAL_NULL_CONVERSION = YES;
				CLANG_WARN_OBJC_IMPLICIT_RETAIN_SELF = YES;
				CLANG_WARN_OBJC_LITERAL_CONVERSION = YES;
				CLANG_WARN_OBJC_ROOT_CLASS = YES_ERROR;
				CLANG_WARN_RANGE_LOOP_ANALYSIS = YES;
				CLANG_WARN_STRICT_PROTOTYPES = YES;
				CLANG_WARN_SUSPICIOUS_MOVE = YES;
				CLANG_WARN_UNGUARDED_AVAILABILITY = YES_AGGRESSIVE;
				CLANG_WARN_UNREACHABLE_CODE = YES;
				CLANG_WARN__DUPLICATE_METHOD_MATCH = YES;
				CODE_SIGN_IDENTITY = "iPhone Developer";
				COPY_PHASE_STRIP = NO;
				DEBUG_INFORMATION_FORMAT = dwarf;
				ENABLE_STRICT_OBJC_MSGSEND = YES;
				ENABLE_TESTABILITY = YES;
				GCC_C_LANGUAGE_STANDARD = gnu11;
				GCC_DYNAMIC_NO_PIC = NO;
				GCC_NO_COMMON_BLOCKS = YES;
				GCC_OPTIMIZATION_LEVEL = 0;
				GCC_PREPROCESSOR_DEFINITIONS = (
					"DEBUG=1",
					"$(inherited)",
				);
				GCC_WARN_64_TO_32_BIT_CONVERSION = YES;
				GCC_WARN_ABOUT_RETURN_TYPE = YES_ERROR;
				GCC_WARN_UNDECLARED_SELECTOR = YES;
				GCC_WARN_UNINITIALIZED_AUTOS = YES_AGGRESSIVE;
				GCC_WARN_UNUSED_FUNCTION = YES;
				GCC_WARN_UNUSED_VARIABLE = YES;
				IPHONEOS_DEPLOYMENT_TARGET = 11.3;
				MTL_ENABLE_DEBUG_INFO = YES;
				ONLY_ACTIVE_ARCH = YES;
				SDKROOT = iphoneos;
				SWIFT_ACTIVE_COMPILATION_CONDITIONS = DEBUG;
				SWIFT_OPTIMIZATION_LEVEL = "-Onone";
			};
			name = Debug;
		};
		22E4E87C207E1902006E511E /* Release */ = {
			isa = XCBuildConfiguration;
			buildSettings = {
				ALWAYS_SEARCH_USER_PATHS = NO;
				CLANG_ANALYZER_NONNULL = YES;
				CLANG_ANALYZER_NUMBER_OBJECT_CONVERSION = YES_AGGRESSIVE;
				CLANG_CXX_LANGUAGE_STANDARD = "gnu++14";
				CLANG_CXX_LIBRARY = "libc++";
				CLANG_ENABLE_MODULES = YES;
				CLANG_ENABLE_OBJC_ARC = YES;
				CLANG_ENABLE_OBJC_WEAK = YES;
				CLANG_WARN_BLOCK_CAPTURE_AUTORELEASING = YES;
				CLANG_WARN_BOOL_CONVERSION = YES;
				CLANG_WARN_COMMA = YES;
				CLANG_WARN_CONSTANT_CONVERSION = YES;
				CLANG_WARN_DEPRECATED_OBJC_IMPLEMENTATIONS = YES;
				CLANG_WARN_DIRECT_OBJC_ISA_USAGE = YES_ERROR;
				CLANG_WARN_DOCUMENTATION_COMMENTS = YES;
				CLANG_WARN_EMPTY_BODY = YES;
				CLANG_WARN_ENUM_CONVERSION = YES;
				CLANG_WARN_INFINITE_RECURSION = YES;
				CLANG_WARN_INT_CONVERSION = YES;
				CLANG_WARN_NON_LITERAL_NULL_CONVERSION = YES;
				CLANG_WARN_OBJC_IMPLICIT_RETAIN_SELF = YES;
				CLANG_WARN_OBJC_LITERAL_CONVERSION = YES;
				CLANG_WARN_OBJC_ROOT_CLASS = YES_ERROR;
				CLANG_WARN_RANGE_LOOP_ANALYSIS = YES;
				CLANG_WARN_STRICT_PROTOTYPES = YES;
				CLANG_WARN_SUSPICIOUS_MOVE = YES;
				CLANG_WARN_UNGUARDED_AVAILABILITY = YES_AGGRESSIVE;
				CLANG_WARN_UNREACHABLE_CODE = YES;
				CLANG_WARN__DUPLICATE_METHOD_MATCH = YES;
				CODE_SIGN_IDENTITY = "iPhone Developer";
				COPY_PHASE_STRIP = NO;
				DEBUG_INFORMATION_FORMAT = "dwarf-with-dsym";
				ENABLE_NS_ASSERTIONS = NO;
				ENABLE_STRICT_OBJC_MSGSEND = YES;
				GCC_C_LANGUAGE_STANDARD = gnu11;
				GCC_NO_COMMON_BLOCKS = YES;
				GCC_WARN_64_TO_32_BIT_CONVERSION = YES;
				GCC_WARN_ABOUT_RETURN_TYPE = YES_ERROR;
				GCC_WARN_UNDECLARED_SELECTOR = YES;
				GCC_WARN_UNINITIALIZED_AUTOS = YES_AGGRESSIVE;
				GCC_WARN_UNUSED_FUNCTION = YES;
				GCC_WARN_UNUSED_VARIABLE = YES;
				IPHONEOS_DEPLOYMENT_TARGET = 11.3;
				MTL_ENABLE_DEBUG_INFO = NO;
				SDKROOT = iphoneos;
				SWIFT_COMPILATION_MODE = wholemodule;
				SWIFT_OPTIMIZATION_LEVEL = "-O";
				VALIDATE_PRODUCT = YES;
			};
			name = Release;
		};
		22E4E87E207E1902006E511E /* Debug */ = {
			isa = XCBuildConfiguration;
			buildSettings = {
				ASSETCATALOG_COMPILER_APPICON_NAME = AppIcon;
				CODE_SIGN_STYLE = Manual;
				DEVELOPMENT_TEAM = "";
				INFOPLIST_FILE = Schematics/Info.plist;
				LD_RUNPATH_SEARCH_PATHS = (
					"$(inherited)",
					"@executable_path/Frameworks",
				);
				PRODUCT_BUNDLE_IDENTIFIER = io.quadbase.Schematics;
				PRODUCT_NAME = "$(TARGET_NAME)";
				PROVISIONING_PROFILE_SPECIFIER = "";
				SWIFT_VERSION = 4.0;
				TARGETED_DEVICE_FAMILY = "1,2";
			};
			name = Debug;
		};
		22E4E87F207E1902006E511E /* Release */ = {
			isa = XCBuildConfiguration;
			buildSettings = {
				ASSETCATALOG_COMPILER_APPICON_NAME = AppIcon;
				CODE_SIGN_STYLE = Manual;
				DEVELOPMENT_TEAM = "";
				INFOPLIST_FILE = Schematics/Info.plist;
				LD_RUNPATH_SEARCH_PATHS = (
					"$(inherited)",
					"@executable_path/Frameworks",
				);
				PRODUCT_BUNDLE_IDENTIFIER = io.quadbase.Schematics;
				PRODUCT_NAME = "$(TARGET_NAME)";
				PROVISIONING_PROFILE_SPECIFIER = "";
				SWIFT_VERSION = 4.0;
				TARGETED_DEVICE_FAMILY = "1,2";
			};
			name = Release;
		};
		22E4E881207E1902006E511E /* Debug */ = {
			isa = XCBuildConfiguration;
			buildSettings = {
				ALWAYS_EMBED_SWIFT_STANDARD_LIBRARIES = YES;
				BUNDLE_LOADER = "$(TEST_HOST)";
				CODE_SIGN_STYLE = Automatic;
				DEVELOPMENT_TEAM = 7EWHMXF5TM;
				INFOPLIST_FILE = SchematicsTests/Info.plist;
				LD_RUNPATH_SEARCH_PATHS = (
					"$(inherited)",
					"@executable_path/Frameworks",
					"@loader_path/Frameworks",
				);
				PRODUCT_BUNDLE_IDENTIFIER = io.quadbase.SchematicsTests;
				PRODUCT_NAME = "$(TARGET_NAME)";
				SWIFT_VERSION = 4.0;
				TARGETED_DEVICE_FAMILY = "1,2";
				TEST_HOST = "$(BUILT_PRODUCTS_DIR)/Schematics.app/Schematics";
			};
			name = Debug;
		};
		22E4E882207E1902006E511E /* Release */ = {
			isa = XCBuildConfiguration;
			buildSettings = {
				ALWAYS_EMBED_SWIFT_STANDARD_LIBRARIES = YES;
				BUNDLE_LOADER = "$(TEST_HOST)";
				CODE_SIGN_STYLE = Automatic;
				DEVELOPMENT_TEAM = 7EWHMXF5TM;
				INFOPLIST_FILE = SchematicsTests/Info.plist;
				LD_RUNPATH_SEARCH_PATHS = (
					"$(inherited)",
					"@executable_path/Frameworks",
					"@loader_path/Frameworks",
				);
				PRODUCT_BUNDLE_IDENTIFIER = io.quadbase.SchematicsTests;
				PRODUCT_NAME = "$(TARGET_NAME)";
				SWIFT_VERSION = 4.0;
				TARGETED_DEVICE_FAMILY = "1,2";
				TEST_HOST = "$(BUILT_PRODUCTS_DIR)/Schematics.app/Schematics";
			};
			name = Release;
		};
		22E4E884207E1902006E511E /* Debug */ = {
			isa = XCBuildConfiguration;
			buildSettings = {
				ALWAYS_EMBED_SWIFT_STANDARD_LIBRARIES = YES;
				CODE_SIGN_STYLE = Automatic;
				DEVELOPMENT_TEAM = 7EWHMXF5TM;
				INFOPLIST_FILE = SchematicsUITests/Info.plist;
				LD_RUNPATH_SEARCH_PATHS = (
					"$(inherited)",
					"@executable_path/Frameworks",
					"@loader_path/Frameworks",
				);
				PRODUCT_BUNDLE_IDENTIFIER = io.quadbase.SchematicsUITests;
				PRODUCT_NAME = "$(TARGET_NAME)";
				SWIFT_VERSION = 4.0;
				TARGETED_DEVICE_FAMILY = "1,2";
				TEST_TARGET_NAME = Schematics;
			};
			name = Debug;
		};
		22E4E885207E1902006E511E /* Release */ = {
			isa = XCBuildConfiguration;
			buildSettings = {
				ALWAYS_EMBED_SWIFT_STANDARD_LIBRARIES = YES;
				CODE_SIGN_STYLE = Automatic;
				DEVELOPMENT_TEAM = 7EWHMXF5TM;
				INFOPLIST_FILE = SchematicsUITests/Info.plist;
				LD_RUNPATH_SEARCH_PATHS = (
					"$(inherited)",
					"@executable_path/Frameworks",
					"@loader_path/Frameworks",
				);
				PRODUCT_BUNDLE_IDENTIFIER = io.quadbase.SchematicsUITests;
				PRODUCT_NAME = "$(TARGET_NAME)";
				SWIFT_VERSION = 4.0;
				TARGETED_DEVICE_FAMILY = "1,2";
				TEST_TARGET_NAME = Schematics;
			};
			name = Release;
		};
/* End XCBuildConfiguration section */

/* Begin XCConfigurationList section */
		22E4E850207E1900006E511E /* Build configuration list for PBXProject "Schematics" */ = {
			isa = XCConfigurationList;
			buildConfigurations = (
				22E4E87B207E1902006E511E /* Debug */,
				22E4E87C207E1902006E511E /* Release */,
			);
			defaultConfigurationIsVisible = 0;
			defaultConfigurationName = Release;
		};
		22E4E87D207E1902006E511E /* Build configuration list for PBXNativeTarget "Schematics" */ = {
			isa = XCConfigurationList;
			buildConfigurations = (
				22E4E87E207E1902006E511E /* Debug */,
				22E4E87F207E1902006E511E /* Release */,
			);
			defaultConfigurationIsVisible = 0;
			defaultConfigurationName = Release;
		};
		22E4E880207E1902006E511E /* Build configuration list for PBXNativeTarget "SchematicsTests" */ = {
			isa = XCConfigurationList;
			buildConfigurations = (
				22E4E881207E1902006E511E /* Debug */,
				22E4E882207E1902006E511E /* Release */,
			);
			defaultConfigurationIsVisible = 0;
			defaultConfigurationName = Release;
		};
		22E4E883207E1902006E511E /* Build configuration list for PBXNativeTarget "SchematicsUITests" */ = {
			isa = XCConfigurationList;
			buildConfigurations = (
				22E4E884207E1902006E511E /* Debug */,
				22E4E885207E1902006E511E /* Release */,
			);
			defaultConfigurationIsVisible = 0;
			defaultConfigurationName = Release;
		};
/* End XCConfigurationList section */
	};
	rootObject = 22E4E84D207E1900006E511E /* Project object */;
}
